
Microsoft Visual Studio Solution File, Format Version 12.00
# Visual Studio Version 17
VisualStudioVersion = 17.8.34511.84
MinimumVisualStudioVersion = 10.0.40219.1
Project("{C9674DCB-5085-4A16-B785-4C70DD1589BD}") = "ProyectoDataWhereHouse_Vania_Benjamin", "ProyectoDataWhereHouse_Vania_Benjamin.dtproj", "{BBCC1AD3-8FF8-47FF-8943-B08CB36A9B8E}"
EndProject
Global
	GlobalSection(SolutionConfigurationPlatforms) = preSolution
		Development|Default = Development|Default
	EndGlobalSection
	GlobalSection(ProjectConfigurationPlatforms) = postSolution
		{BBCC1AD3-8FF8-47FF-8943-B08CB36A9B8E}.Development|Default.ActiveCfg = Development
		{BBCC1AD3-8FF8-47FF-8943-B08CB36A9B8E}.Development|Default.Build.0 = Development
	EndGlobalSection
	GlobalSection(SolutionProperties) = preSolution
		HideSolutionNode = FALSE
	EndGlobalSection
	GlobalSection(ExtensibilityGlobals) = postSolution
		SolutionGuid = {B614FA55-DC7A-4475-8FFA-4A904CB0BF3F}
	EndGlobalSection
EndGlobal
